
Microsoft Visual Studio Solution File, Format Version 12.00
# Visual Studio Version 17
VisualStudioVersion = 17.13.35931.197
MinimumVisualStudioVersion = 10.0.40219.1
Project("{FAE04EC0-301F-11D3-BF4B-00C04F79EFBC}") = "AuthAPI", "AuthAPI\AuthAPI.csproj", "{8B34AC23-96CF-4919-A635-A28AB1941567}"
EndProject
Project("{FAE04EC0-301F-11D3-BF4B-00C04F79EFBC}") = "Data", "Data\Data.csproj", "{D9EB19B0-D698-413D-8D7C-E3FAC2CBBDF9}"
EndProject
Project("{FAE04EC0-301F-11D3-BF4B-00C04F79EFBC}") = "Model", "Model\Model.csproj", "{C6BB8272-E834-4AE6-B4F0-2662F8BC64C3}"
EndProject
Project("{FAE04EC0-301F-11D3-BF4B-00C04F79EFBC}") = "Services", "Services\Services.csproj", "{BA5EEB37-7C1A-4E00-8F91-766FBF33097B}"
EndProject
Global
	GlobalSection(SolutionConfigurationPlatforms) = preSolution
		Debug|Any CPU = Debug|Any CPU
		Release|Any CPU = Release|Any CPU
	EndGlobalSection
	GlobalSection(ProjectConfigurationPlatforms) = postSolution
		{8B34AC23-96CF-4919-A635-A28AB1941567}.Debug|Any CPU.ActiveCfg = Debug|Any CPU
		{8B34AC23-96CF-4919-A635-A28AB1941567}.Debug|Any CPU.Build.0 = Debug|Any CPU
		{8B34AC23-96CF-4919-A635-A28AB1941567}.Release|Any CPU.ActiveCfg = Release|Any CPU
		{8B34AC23-96CF-4919-A635-A28AB1941567}.Release|Any CPU.Build.0 = Release|Any CPU
		{D9EB19B0-D698-413D-8D7C-E3FAC2CBBDF9}.Debug|Any CPU.ActiveCfg = Debug|Any CPU
		{D9EB19B0-D698-413D-8D7C-E3FAC2CBBDF9}.Debug|Any CPU.Build.0 = Debug|Any CPU
		{D9EB19B0-D698-413D-8D7C-E3FAC2CBBDF9}.Release|Any CPU.ActiveCfg = Release|Any CPU
		{D9EB19B0-D698-413D-8D7C-E3FAC2CBBDF9}.Release|Any CPU.Build.0 = Release|Any CPU
		{C6BB8272-E834-4AE6-B4F0-2662F8BC64C3}.Debug|Any CPU.ActiveCfg = Debug|Any CPU
		{C6BB8272-E834-4AE6-B4F0-2662F8BC64C3}.Debug|Any CPU.Build.0 = Debug|Any CPU
		{C6BB8272-E834-4AE6-B4F0-2662F8BC64C3}.Release|Any CPU.ActiveCfg = Release|Any CPU
		{C6BB8272-E834-4AE6-B4F0-2662F8BC64C3}.Release|Any CPU.Build.0 = Release|Any CPU
		{BA5EEB37-7C1A-4E00-8F91-766FBF33097B}.Debug|Any CPU.ActiveCfg = Debug|Any CPU
		{BA5EEB37-7C1A-4E00-8F91-766FBF33097B}.Debug|Any CPU.Build.0 = Debug|Any CPU
		{BA5EEB37-7C1A-4E00-8F91-766FBF33097B}.Release|Any CPU.ActiveCfg = Release|Any CPU
		{BA5EEB37-7C1A-4E00-8F91-766FBF33097B}.Release|Any CPU.Build.0 = Release|Any CPU
	EndGlobalSection
	GlobalSection(SolutionProperties) = preSolution
		HideSolutionNode = FALSE
	EndGlobalSection
	GlobalSection(ExtensibilityGlobals) = postSolution
		SolutionGuid = {CC264C22-B8A8-4AAC-8B76-10DF35DEB497}
	EndGlobalSection
EndGlobal
